[{<<"base64url">>,
  {git,"git://github.com/dvv/base64url.git",
       {ref,"f2c64ed8b9bebc536fad37ad97243452b674b837"}},
  1},
 {<<"cowlib">>,
  {git,"https://github.com/ninenines/cowlib",
       {ref,"0e7abe0b24593f131add272c275406d8ed231805"}},
  1},
 {<<"gun">>,
  {git,"https://github.com/ninenines/gun.git",
       {ref,"bc733a2ca5f7d07f997ad6edf184f775b23434aa"}},
  0},
 {<<"jose">>,
  {git,"git://github.com/potatosalad/erlang-jose.git",
       {ref,"ca1b164ca76e23562ec11dc2993dff71af36015c"}},
  0},
 {<<"jsx">>,
  {git,"https://github.com/talentdeficit/jsx.git",
       {ref,"3074d4865b3385a050badf7828ad31490d860df5"}},
  0},
 {<<"ranch">>,
  {git,"https://github.com/ninenines/ranch",
       {ref,"f4f297cc9c07bc057479f77437cf0cbcfd0e67eb"}},
  1}].
